
Microsoft Visual Studio Solution File, Format Version 12.00
# Visual Studio Version 17
VisualStudioVersion = 17.10.34928.147
MinimumVisualStudioVersion = 10.0.40219.1
Project("{FAE04EC0-301F-11D3-BF4B-00C04F79EFBC}") = "WebA", "WebA.csproj", "{0F17CF82-A5FD-45CC-9434-1ABD171C86B5}"
EndProject
Global
	GlobalSection(SolutionConfigurationPlatforms) = preSolution
		Debug|Any CPU = Debug|Any CPU
		Release|Any CPU = Release|Any CPU
	EndGlobalSection
	GlobalSection(ProjectConfigurationPlatforms) = postSolution
		{0F17CF82-A5FD-45CC-9434-1ABD171C86B5}.Debug|Any CPU.ActiveCfg = Debug|Any CPU
		{0F17CF82-A5FD-45CC-9434-1ABD171C86B5}.Debug|Any CPU.Build.0 = Debug|Any CPU
		{0F17CF82-A5FD-45CC-9434-1ABD171C86B5}.Release|Any CPU.ActiveCfg = Release|Any CPU
		{0F17CF82-A5FD-45CC-9434-1ABD171C86B5}.Release|Any CPU.Build.0 = Release|Any CPU
	EndGlobalSection
	GlobalSection(SolutionProperties) = preSolution
		HideSolutionNode = FALSE
	EndGlobalSection
	GlobalSection(ExtensibilityGlobals) = postSolution
		SolutionGuid = {69AF59DB-9FC2-4386-B4F9-304D23A34B14}
	EndGlobalSection
EndGlobal
